{
  "version": 4,
  "terraform_version": "1.14.0",
  "serial": 45,
  "lineage": "bb9b2462-4a4f-4185-ff60-89fbc5771b7c",
  "outputs": {
    "app_private_ip": {
      "value": "10.0.101.200",
      "type": "string"
    },
    "bastion_public_ip": {
      "value": "13.219.156.186",
      "type": "string"
    },
    "db_endpoint": {
      "value": "farmsafe-dev-db.c2x64842q9zl.us-east-1.rds.amazonaws.com",
      "type": "string"
    },
    "ecr_repository_url": {
      "value": "083971419301.dkr.ecr.us-east-1.amazonaws.com/farmsafe-dev",
      "type": "string"
    },
    "private_subnet_ids": {
      "value": [
        "subnet-0fed4a4b2a788dbc4",
        "subnet-00e8c67e81da38d53"
      ],
      "type": [
        "tuple",
        [
          "string",
          "string"
        ]
      ]
    },
    "public_subnet_ids": {
      "value": [
        "subnet-075f49a52e91a962a",
        "subnet-0ab7a03d593e81f12"
      ],
      "type": [
        "tuple",
        [
          "string",
          "string"
        ]
      ]
    },
    "vpc_id": {
      "value": "vpc-0dd11feb95d9ebe87",
      "type": "string"
    }
  },
  "resources": [
    {
      "mode": "data",
      "type": "aws_ami",
      "name": "amazon_linux",
      "provider": "provider[\"registry.terraform.io/hashicorp/aws\"]",
      "instances": [
        {
          "schema_version": 0,
          "attributes": {
            "architecture": "x86_64",
            "arn": "arn:aws:ec2:us-east-1::image/ami-08fa3ed5577079e64",
            "block_device_mappings": [
              {
                "device_name": "/dev/xvda",
                "ebs": {
                  "delete_on_termination": "true",
                  "encrypted": "false",
                  "iops": "3000",
                  "snapshot_id": "snap-00ab232ebe3af4034",
                  "throughput": "125",
                  "volume_initialization_rate": "0",
                  "volume_size": "30",
                  "volume_type": "gp3"
                },
                "no_device": "",
                "virtual_name": ""
              }
            ],
            "boot_mode": "uefi-preferred",
            "creation_date": "2025-11-20T01:19:27.000Z",
            "deprecation_time": "2027-11-20T01:19:27.000Z",
            "description": "Amazon Linux AMI 2023.0.20251119 x86_64 ECS HVM EBS",
            "ena_support": true,
            "executable_users": null,
            "filter": [
              {
                "name": "architecture",
                "values": [
                  "x86_64"
                ]
              },
              {
                "name": "name",
                "values": [
                  "al2023-ami-*-x86_64"
                ]
              }
            ],
            "hypervisor": "xen",
            "id": "ami-08fa3ed5577079e64",
            "image_id": "ami-08fa3ed5577079e64",
            "image_location": "amazon/al2023-ami-ecs-hvm-2023.0.20251119-kernel-6.1-x86_64",
            "image_owner_alias": "amazon",
            "image_type": "machine",
            "imds_support": "v2.0",
            "include_deprecated": false,
            "kernel_id": "",
            "last_launched_time": "",
            "most_recent": true,
            "name": "al2023-ami-ecs-hvm-2023.0.20251119-kernel-6.1-x86_64",
            "name_regex": null,
            "owner_id": "591542846629",
            "owners": [
              "amazon"
            ],
            "platform": "",
            "platform_details": "Linux/UNIX",
            "product_codes": [],
            "public": true,
            "ramdisk_id": "",
            "root_device_name": "/dev/xvda",
            "root_device_type": "ebs",
            "root_snapshot_id": "snap-00ab232ebe3af4034",
            "sriov_net_support": "simple",
            "state": "available",
            "state_reason": {
              "code": "UNSET",
              "message": "UNSET"
            },
            "tags": {},
            "timeouts": null,
            "tpm_support": "",
            "uefi_data": null,
            "usage_operation": "RunInstances",
            "virtualization_type": "hvm"
          },
          "sensitive_attributes": [],
          "identity_schema_version": 0
        }
      ]
    },
    {
      "mode": "data",
      "type": "aws_availability_zones",
      "name": "available",
      "provider": "provider[\"registry.terraform.io/hashicorp/aws\"]",
      "instances": [
        {
          "schema_version": 0,
          "attributes": {
            "all_availability_zones": null,
            "exclude_names": null,
            "exclude_zone_ids": null,
            "filter": null,
            "group_names": [
              "us-east-1-zg-1"
            ],
            "id": "us-east-1",
            "names": [
              "us-east-1a",
              "us-east-1b",
              "us-east-1c",
              "us-east-1d",
              "us-east-1e",
              "us-east-1f"
            ],
            "state": "available",
            "timeouts": null,
            "zone_ids": [
              "use1-az1",
              "use1-az2",
              "use1-az4",
              "use1-az6",
              "use1-az3",
              "use1-az5"
            ]
          },
          "sensitive_attributes": [],
          "identity_schema_version": 0
        }
      ]
    },
    {
      "mode": "managed",
      "type": "aws_db_instance",
      "name": "main",
      "provider": "provider[\"registry.terraform.io/hashicorp/aws\"]",
      "instances": [
        {
          "schema_version": 2,
          "attributes": {
            "address": "farmsafe-dev-db.c2x64842q9zl.us-east-1.rds.amazonaws.com",
            "allocated_storage": 20,
            "allow_major_version_upgrade": null,
            "apply_immediately": false,
            "arn": "arn:aws:rds:us-east-1:083971419301:db:farmsafe-dev-db",
            "auto_minor_version_upgrade": true,
            "availability_zone": "us-east-1b",
            "backup_retention_period": 1,
            "backup_target": "region",
            "backup_window": "05:46-06:16",
            "blue_green_update": [],
            "ca_cert_identifier": "rds-ca-rsa2048-g1",
            "character_set_name": "",
            "copy_tags_to_snapshot": false,
            "custom_iam_instance_profile": "",
            "customer_owned_ip_enabled": false,
            "database_insights_mode": "standard",
            "db_name": "farmsafe",
            "db_subnet_group_name": "farmsafe-dev-db-subnets",
            "dedicated_log_volume": false,
            "delete_automated_backups": true,
            "deletion_protection": false,
            "domain": "",
            "domain_auth_secret_arn": "",
            "domain_dns_ips": null,
            "domain_fqdn": "",
            "domain_iam_role_name": "",
            "domain_ou": "",
            "enabled_cloudwatch_logs_exports": null,
            "endpoint": "farmsafe-dev-db.c2x64842q9zl.us-east-1.rds.amazonaws.com:5432",
            "engine": "postgres",
            "engine_lifecycle_support": "open-source-rds-extended-support",
            "engine_version": "17.6",
            "engine_version_actual": "17.6",
            "final_snapshot_identifier": null,
            "hosted_zone_id": "Z2R2ITUGPM61AM",
            "iam_database_authentication_enabled": false,
            "id": "db-OMYLCLIRXQRUSQOXZYUEZ5MOJU",
            "identifier": "farmsafe-dev-db",
            "identifier_prefix": "",
            "instance_class": "db.t3.micro",
            "iops": 0,
            "kms_key_id": "arn:aws:kms:us-east-1:083971419301:key/0915bd9f-39b4-4111-accd-83e14b33b87c",
            "latest_restorable_time": "2025-11-26T16:18:02Z",
            "license_model": "postgresql-license",
            "listener_endpoint": [],
            "maintenance_window": "sat:10:27-sat:10:57",
            "manage_master_user_password": null,
            "master_user_secret": [],
            "master_user_secret_kms_key_id": null,
            "max_allocated_storage": 40,
            "monitoring_interval": 0,
            "monitoring_role_arn": "",
            "multi_az": false,
            "nchar_character_set_name": "",
            "network_type": "IPV4",
            "option_group_name": "default:postgres-17",
            "parameter_group_name": "default.postgres17",
            "password": "7ZznUA7J0xDevVJ0Ix8QqFjjPoaQ53SCC8ZUmicww8=",
            "password_wo": null,
            "password_wo_version": null,
            "performance_insights_enabled": false,
            "performance_insights_kms_key_id": "",
            "performance_insights_retention_period": 0,
            "port": 5432,
            "publicly_accessible": false,
            "replica_mode": "",
            "replicas": [],
            "replicate_source_db": "",
            "resource_id": "db-OMYLCLIRXQRUSQOXZYUEZ5MOJU",
            "restore_to_point_in_time": [],
            "s3_import": [],
            "skip_final_snapshot": true,
            "snapshot_identifier": null,
            "status": "available",
            "storage_encrypted": true,
            "storage_throughput": 0,
            "storage_type": "gp2",
            "tags": {
              "Environment": "dev",
              "ManagedBy": "Terraform",
              "Name": "farmsafe-dev-db",
              "Owner": "devops-team",
              "Project": "farmsafe"
            },
            "tags_all": {
              "Environment": "dev",
              "ManagedBy": "Terraform",
              "Name": "farmsafe-dev-db",
              "Owner": "devops-team",
              "Project": "farmsafe"
            },
            "timeouts": null,
            "timezone": "",
            "upgrade_storage_config": null,
            "username": "farmsafe_admin",
            "vpc_security_group_ids": [
              "sg-03da243d4e1a9a4ac"
            ]
          },
          "sensitive_attributes": [
            [
              {
                "type": "get_attr",
                "value": "password"
              }
            ],
            [
              {
                "type": "get_attr",
                "value": "password_wo"
              }
            ]
          ],
          "identity_schema_version": 0,
          "private": "eyJlMmJmYjczMC1lY2FhLTExZTYtOGY4OC0zNDM2M2JjN2M0YzAiOnsiY3JlYXRlIjozMDAwMDAwMDAwMDAwLCJkZWxldGUiOjM2MDAwMDAwMDAwMDAsInVwZGF0ZSI6NDgwMDAwMDAwMDAwMH0sInNjaGVtYV92ZXJzaW9uIjoiMiJ9",
          "dependencies": [
            "aws_db_subnet_group.main",
            "aws_security_group.app",
            "aws_security_group.bastion",
            "aws_security_group.db",
            "aws_subnet.private",
            "aws_vpc.main",
            "data.aws_availability_zones.available"
          ]
        }
      ]
    },
    {
      "mode": "managed",
      "type": "aws_db_subnet_group",
      "name": "main",
      "provider": "provider[\"registry.terraform.io/hashicorp/aws\"]",
      "instances": [
        {
          "schema_version": 0,
          "attributes": {
            "arn": "arn:aws:rds:us-east-1:083971419301:subgrp:farmsafe-dev-db-subnets",
            "description": "Managed by Terraform",
            "id": "farmsafe-dev-db-subnets",
            "name": "farmsafe-dev-db-subnets",
            "name_prefix": "",
            "subnet_ids": [
              "subnet-00e8c67e81da38d53",
              "subnet-0fed4a4b2a788dbc4"
            ],
            "supported_network_types": [
              "IPV4"
            ],
            "tags": {
              "Environment": "dev",
              "ManagedBy": "Terraform",
              "Name": "farmsafe-dev-db-subnets",
              "Owner": "devops-team",
              "Project": "farmsafe"
            },
            "tags_all": {
              "Environment": "dev",
              "ManagedBy": "Terraform",
              "Name": "farmsafe-dev-db-subnets",
              "Owner": "devops-team",
              "Project": "farmsafe"
            },
            "vpc_id": "vpc-0dd11feb95d9ebe87"
          },
          "sensitive_attributes": [],
          "identity_schema_version": 0,
          "private": "bnVsbA==",
          "dependencies": [
            "aws_subnet.private",
            "aws_vpc.main",
            "data.aws_availability_zones.available"
          ]
        }
      ]
    },
    {
      "mode": "managed",
      "type": "aws_ecr_lifecycle_policy",
      "name": "app",
      "provider": "provider[\"registry.terraform.io/hashicorp/aws\"]",
      "instances": [
        {
          "schema_version": 0,
          "attributes": {
            "id": "farmsafe-dev",
            "policy": "{\"rules\":[{\"action\":{\"type\":\"expire\"},\"description\":\"Keep the last 15 images\",\"rulePriority\":1,\"selection\":{\"countNumber\":15,\"countType\":\"imageCountMoreThan\",\"tagStatus\":\"any\"}}]}",
            "registry_id": "083971419301",
            "repository": "farmsafe-dev"
          },
          "sensitive_attributes": [],
          "identity_schema_version": 0,
          "private": "bnVsbA==",
          "dependencies": [
            "aws_ecr_repository.app"
          ]
        }
      ]
    },
    {
      "mode": "managed",
      "type": "aws_ecr_repository",
      "name": "app",
      "provider": "provider[\"registry.terraform.io/hashicorp/aws\"]",
      "instances": [
        {
          "schema_version": 0,
          "attributes": {
            "arn": "arn:aws:ecr:us-east-1:083971419301:repository/farmsafe-dev",
            "encryption_configuration": [
              {
                "encryption_type": "AES256",
                "kms_key": ""
              }
            ],
            "force_delete": null,
            "id": "farmsafe-dev",
            "image_scanning_configuration": [
              {
                "scan_on_push": true
              }
            ],
            "image_tag_mutability": "MUTABLE",
            "name": "farmsafe-dev",
            "registry_id": "083971419301",
            "repository_url": "083971419301.dkr.ecr.us-east-1.amazonaws.com/farmsafe-dev",
            "tags": {
              "Environment": "dev",
              "ManagedBy": "Terraform",
              "Name": "farmsafe-dev-ecr",
              "Owner": "devops-team",
              "Project": "farmsafe"
            },
            "tags_all": {
              "Environment": "dev",
              "ManagedBy": "Terraform",
              "Name": "farmsafe-dev-ecr",
              "Owner": "devops-team",
              "Project": "farmsafe"
            },
            "timeouts": null
          },
          "sensitive_attributes": [],
          "identity_schema_version": 0,
          "private": "eyJlMmJmYjczMC1lY2FhLTExZTYtOGY4OC0zNDM2M2JjN2M0YzAiOnsiZGVsZXRlIjoxMjAwMDAwMDAwMDAwfX0="
        }
      ]
    },
    {
      "mode": "managed",
      "type": "aws_eip",
      "name": "bastion",
      "provider": "provider[\"registry.terraform.io/hashicorp/aws\"]",
      "instances": [
        {
          "schema_version": 0,
          "attributes": {
            "address": null,
            "allocation_id": "eipalloc-0fd836c9b773d79e8",
            "arn": "arn:aws:ec2:us-east-1:083971419301:elastic-ip/eipalloc-0fd836c9b773d79e8",
            "associate_with_private_ip": null,
            "association_id": "eipassoc-0c108e34e8dddcace",
            "carrier_ip": "",
            "customer_owned_ip": "",
            "customer_owned_ipv4_pool": "",
            "domain": "vpc",
            "id": "eipalloc-0fd836c9b773d79e8",
            "instance": "i-08abd8ad1e00a2b87",
            "ipam_pool_id": null,
            "network_border_group": "us-east-1",
            "network_interface": "eni-09374ea22693a0636",
            "private_dns": "ip-10-0-1-166.ec2.internal",
            "private_ip": "10.0.1.166",
            "ptr_record": "",
            "public_dns": "ec2-13-219-156-186.compute-1.amazonaws.com",
            "public_ip": "13.219.156.186",
            "public_ipv4_pool": "amazon",
            "tags": {
              "Environment": "dev",
              "ManagedBy": "Terraform",
              "Name": "farmsafe-dev-bastion-eip",
              "Owner": "devops-team",
              "Project": "farmsafe"
            },
            "tags_all": {
              "Environment": "dev",
              "ManagedBy": "Terraform",
              "Name": "farmsafe-dev-bastion-eip",
              "Owner": "devops-team",
              "Project": "farmsafe"
            },
            "timeouts": null,
            "vpc": true
          },
          "sensitive_attributes": [],
          "identity_schema_version": 0,
          "private": "eyJlMmJmYjczMC1lY2FhLTExZTYtOGY4OC0zNDM2M2JjN2M0YzAiOnsiZGVsZXRlIjoxODAwMDAwMDAwMDAsInJlYWQiOjkwMDAwMDAwMDAwMCwidXBkYXRlIjozMDAwMDAwMDAwMDB9fQ==",
          "dependencies": [
            "aws_instance.bastion",
            "aws_security_group.bastion",
            "aws_subnet.public",
            "aws_vpc.main",
            "data.aws_ami.amazon_linux",
            "data.aws_availability_zones.available"
          ]
        }
      ]
    },
    {
      "mode": "managed",
      "type": "aws_eip",
      "name": "nat",
      "provider": "provider[\"registry.terraform.io/hashicorp/aws\"]",
      "instances": [
        {
          "schema_version": 0,
          "attributes": {
            "address": null,
            "allocation_id": "eipalloc-08b24255ef9abb030",
            "arn": "arn:aws:ec2:us-east-1:083971419301:elastic-ip/eipalloc-08b24255ef9abb030",
            "associate_with_private_ip": null,
            "association_id": "eipassoc-0608d154416d6d8cc",
            "carrier_ip": "",
            "customer_owned_ip": "",
            "customer_owned_ipv4_pool": "",
            "domain": "vpc",
            "id": "eipalloc-08b24255ef9abb030",
            "instance": "",
            "ipam_pool_id": null,
            "network_border_group": "us-east-1",
            "network_interface": "eni-08b2866915897b1fd",
            "private_dns": "ip-10-0-1-55.ec2.internal",
            "private_ip": "10.0.1.55",
            "ptr_record": "",
            "public_dns": "ec2-98-95-168-2.compute-1.amazonaws.com",
            "public_ip": "98.95.168.2",
            "public_ipv4_pool": "amazon",
            "tags": {
              "Environment": "dev",
              "ManagedBy": "Terraform",
              "Name": "farmsafe-dev-nat-eip",
              "Owner": "devops-team",
              "Project": "farmsafe"
            },
            "tags_all": {
              "Environment": "dev",
              "ManagedBy": "Terraform",
              "Name": "farmsafe-dev-nat-eip",
              "Owner": "devops-team",
              "Project": "farmsafe"
            },
            "timeouts": null,
            "vpc": true
          },
          "sensitive_attributes": [],
          "identity_schema_version": 0,
          "private": "eyJlMmJmYjczMC1lY2FhLTExZTYtOGY4OC0zNDM2M2JjN2M0YzAiOnsiZGVsZXRlIjoxODAwMDAwMDAwMDAsInJlYWQiOjkwMDAwMDAwMDAwMCwidXBkYXRlIjozMDAwMDAwMDAwMDB9fQ=="
        }
      ]
    },
    {
      "mode": "managed",
      "type": "aws_instance",
      "name": "app",
      "provider": "provider[\"registry.terraform.io/hashicorp/aws\"]",
      "instances": [
        {
          "schema_version": 1,
          "attributes": {
            "ami": "ami-08fa3ed5577079e64",
            "arn": "arn:aws:ec2:us-east-1:083971419301:instance/i-0c42b20ef1a61467b",
            "associate_public_ip_address": false,
            "availability_zone": "us-east-1a",
            "capacity_reservation_specification": [
              {
                "capacity_reservation_preference": "open",
                "capacity_reservation_target": []
              }
            ],
            "cpu_core_count": 1,
            "cpu_options": [
              {
                "amd_sev_snp": "",
                "core_count": 1,
                "threads_per_core": 2
              }
            ],
            "cpu_threads_per_core": 2,
            "credit_specification": [
              {
                "cpu_credits": "unlimited"
              }
            ],
            "disable_api_stop": false,
            "disable_api_termination": false,
            "ebs_block_device": [],
            "ebs_optimized": false,
            "enable_primary_ipv6": null,
            "enclave_options": [
              {
                "enabled": false
              }
            ],
            "ephemeral_block_device": [],
            "get_password_data": false,
            "hibernation": false,
            "host_id": "",
            "host_resource_group_arn": null,
            "iam_instance_profile": "",
            "id": "i-0c42b20ef1a61467b",
            "instance_initiated_shutdown_behavior": "stop",
            "instance_lifecycle": "",
            "instance_market_options": [],
            "instance_state": "running",
            "instance_type": "t3.small",
            "ipv6_address_count": 0,
            "ipv6_addresses": [],
            "key_name": "farmsafe-key-3",
            "launch_template": [],
            "maintenance_options": [
              {
                "auto_recovery": "default"
              }
            ],
            "metadata_options": [
              {
                "http_endpoint": "enabled",
                "http_protocol_ipv6": "disabled",
                "http_put_response_hop_limit": 2,
                "http_tokens": "required",
                "instance_metadata_tags": "disabled"
              }
            ],
            "monitoring": false,
            "network_interface": [],
            "outpost_arn": "",
            "password_data": "",
            "placement_group": "",
            "placement_partition_number": 0,
            "primary_network_interface_id": "eni-0055956a11ed2d383",
            "private_dns": "ip-10-0-101-200.ec2.internal",
            "private_dns_name_options": [
              {
                "enable_resource_name_dns_a_record": false,
                "enable_resource_name_dns_aaaa_record": false,
                "hostname_type": "ip-name"
              }
            ],
            "private_ip": "10.0.101.200",
            "public_dns": "",
            "public_ip": "",
            "root_block_device": [
              {
                "delete_on_termination": true,
                "device_name": "/dev/xvda",
                "encrypted": false,
                "iops": 3000,
                "kms_key_id": "",
                "tags": {},
                "tags_all": {},
                "throughput": 125,
                "volume_id": "vol-0f2547ee9d0c4e76b",
                "volume_size": 40,
                "volume_type": "gp3"
              }
            ],
            "secondary_private_ips": [],
            "security_groups": [],
            "source_dest_check": true,
            "spot_instance_request_id": "",
            "subnet_id": "subnet-0fed4a4b2a788dbc4",
            "tags": {
              "Environment": "dev",
              "ManagedBy": "Terraform",
              "Name": "farmsafe-dev-app",
              "Owner": "devops-team",
              "Project": "farmsafe",
              "Role": "application"
            },
            "tags_all": {
              "Environment": "dev",
              "ManagedBy": "Terraform",
              "Name": "farmsafe-dev-app",
              "Owner": "devops-team",
              "Project": "farmsafe",
              "Role": "application"
            },
            "tenancy": "default",
            "timeouts": null,
            "user_data": null,
            "user_data_base64": null,
            "user_data_replace_on_change": false,
            "volume_tags": null,
            "vpc_security_group_ids": [
              "sg-0563d85662cb73d12"
            ]
          },
          "sensitive_attributes": [],
          "identity_schema_version": 0,
          "private": "eyJlMmJmYjczMC1lY2FhLTExZTYtOGY4OC0zNDM2M2JjN2M0YzAiOnsiY3JlYXRlIjo2MDAwMDAwMDAwMDAsImRlbGV0ZSI6MTIwMDAwMDAwMDAwMCwicmVhZCI6OTAwMDAwMDAwMDAwLCJ1cGRhdGUiOjYwMDAwMDAwMDAwMH0sInNjaGVtYV92ZXJzaW9uIjoiMSJ9",
          "dependencies": [
            "aws_security_group.app",
            "aws_security_group.bastion",
            "aws_subnet.private",
            "aws_vpc.main",
            "data.aws_ami.amazon_linux",
            "data.aws_availability_zones.available"
          ]
        }
      ]
    },
    {
      "mode": "managed",
      "type": "aws_instance",
      "name": "bastion",
      "provider": "provider[\"registry.terraform.io/hashicorp/aws\"]",
      "instances": [
        {
          "schema_version": 1,
          "attributes": {
            "ami": "ami-08fa3ed5577079e64",
            "arn": "arn:aws:ec2:us-east-1:083971419301:instance/i-08abd8ad1e00a2b87",
            "associate_public_ip_address": true,
            "availability_zone": "us-east-1a",
            "capacity_reservation_specification": [
              {
                "capacity_reservation_preference": "open",
                "capacity_reservation_target": []
              }
            ],
            "cpu_core_count": 1,
            "cpu_options": [
              {
                "amd_sev_snp": "",
                "core_count": 1,
                "threads_per_core": 2
              }
            ],
            "cpu_threads_per_core": 2,
            "credit_specification": [
              {
                "cpu_credits": "unlimited"
              }
            ],
            "disable_api_stop": false,
            "disable_api_termination": false,
            "ebs_block_device": [],
            "ebs_optimized": false,
            "enable_primary_ipv6": null,
            "enclave_options": [
              {
                "enabled": false
              }
            ],
            "ephemeral_block_device": [],
            "get_password_data": false,
            "hibernation": false,
            "host_id": "",
            "host_resource_group_arn": null,
            "iam_instance_profile": "",
            "id": "i-08abd8ad1e00a2b87",
            "instance_initiated_shutdown_behavior": "stop",
            "instance_lifecycle": "",
            "instance_market_options": [],
            "instance_state": "running",
            "instance_type": "t3.micro",
            "ipv6_address_count": 0,
            "ipv6_addresses": [],
            "key_name": "farmsafe-key-3",
            "launch_template": [],
            "maintenance_options": [
              {
                "auto_recovery": "default"
              }
            ],
            "metadata_options": [
              {
                "http_endpoint": "enabled",
                "http_protocol_ipv6": "disabled",
                "http_put_response_hop_limit": 2,
                "http_tokens": "required",
                "instance_metadata_tags": "disabled"
              }
            ],
            "monitoring": false,
            "network_interface": [],
            "outpost_arn": "",
            "password_data": "",
            "placement_group": "",
            "placement_partition_number": 0,
            "primary_network_interface_id": "eni-09374ea22693a0636",
            "private_dns": "ip-10-0-1-166.ec2.internal",
            "private_dns_name_options": [
              {
                "enable_resource_name_dns_a_record": false,
                "enable_resource_name_dns_aaaa_record": false,
                "hostname_type": "ip-name"
              }
            ],
            "private_ip": "10.0.1.166",
            "public_dns": "ec2-13-219-156-186.compute-1.amazonaws.com",
            "public_ip": "13.219.156.186",
            "root_block_device": [
              {
                "delete_on_termination": true,
                "device_name": "/dev/xvda",
                "encrypted": false,
                "iops": 3000,
                "kms_key_id": "",
                "tags": {},
                "tags_all": {},
                "throughput": 125,
                "volume_id": "vol-0509c94dfeeb22d89",
                "volume_size": 30,
                "volume_type": "gp3"
              }
            ],
            "secondary_private_ips": [],
            "security_groups": [],
            "source_dest_check": true,
            "spot_instance_request_id": "",
            "subnet_id": "subnet-075f49a52e91a962a",
            "tags": {
              "Environment": "dev",
              "ManagedBy": "Terraform",
              "Name": "farmsafe-dev-bastion",
              "Owner": "devops-team",
              "Project": "farmsafe",
              "Role": "bastion"
            },
            "tags_all": {
              "Environment": "dev",
              "ManagedBy": "Terraform",
              "Name": "farmsafe-dev-bastion",
              "Owner": "devops-team",
              "Project": "farmsafe",
              "Role": "bastion"
            },
            "tenancy": "default",
            "timeouts": null,
            "user_data": null,
            "user_data_base64": null,
            "user_data_replace_on_change": false,
            "volume_tags": null,
            "vpc_security_group_ids": [
              "sg-0788fa654c9062710"
            ]
          },
          "sensitive_attributes": [],
          "identity_schema_version": 0,
          "private": "eyJlMmJmYjczMC1lY2FhLTExZTYtOGY4OC0zNDM2M2JjN2M0YzAiOnsiY3JlYXRlIjo2MDAwMDAwMDAwMDAsImRlbGV0ZSI6MTIwMDAwMDAwMDAwMCwicmVhZCI6OTAwMDAwMDAwMDAwLCJ1cGRhdGUiOjYwMDAwMDAwMDAwMH0sInNjaGVtYV92ZXJzaW9uIjoiMSJ9",
          "dependencies": [
            "aws_security_group.bastion",
            "aws_subnet.public",
            "aws_vpc.main",
            "data.aws_ami.amazon_linux",
            "data.aws_availability_zones.available"
          ]
        }
      ]
    },
    {
      "mode": "managed",
      "type": "aws_internet_gateway",
      "name": "main",
      "provider": "provider[\"registry.terraform.io/hashicorp/aws\"]",
      "instances": [
        {
          "schema_version": 0,
          "attributes": {
            "arn": "arn:aws:ec2:us-east-1:083971419301:internet-gateway/igw-0fd0c8a251278bbe7",
            "id": "igw-0fd0c8a251278bbe7",
            "owner_id": "083971419301",
            "tags": {
              "Environment": "dev",
              "ManagedBy": "Terraform",
              "Name": "farmsafe-dev-igw",
              "Owner": "devops-team",
              "Project": "farmsafe"
            },
            "tags_all": {
              "Environment": "dev",
              "ManagedBy": "Terraform",
              "Name": "farmsafe-dev-igw",
              "Owner": "devops-team",
              "Project": "farmsafe"
            },
            "timeouts": null,
            "vpc_id": "vpc-0dd11feb95d9ebe87"
          },
          "sensitive_attributes": [],
          "identity_schema_version": 0,
          "private": "eyJlMmJmYjczMC1lY2FhLTExZTYtOGY4OC0zNDM2M2JjN2M0YzAiOnsiY3JlYXRlIjoxMjAwMDAwMDAwMDAwLCJkZWxldGUiOjEyMDAwMDAwMDAwMDAsInVwZGF0ZSI6MTIwMDAwMDAwMDAwMH19",
          "dependencies": [
            "aws_vpc.main"
          ]
        }
      ]
    },
    {
      "mode": "managed",
      "type": "aws_nat_gateway",
      "name": "main",
      "provider": "provider[\"registry.terraform.io/hashicorp/aws\"]",
      "instances": [
        {
          "schema_version": 0,
          "attributes": {
            "allocation_id": "eipalloc-08b24255ef9abb030",
            "association_id": "eipassoc-0608d154416d6d8cc",
            "connectivity_type": "public",
            "id": "nat-0499a4ac415005cdb",
            "network_interface_id": "eni-08b2866915897b1fd",
            "private_ip": "10.0.1.55",
            "public_ip": "98.95.168.2",
            "secondary_allocation_ids": [],
            "secondary_private_ip_address_count": 0,
            "secondary_private_ip_addresses": [],
            "subnet_id": "subnet-075f49a52e91a962a",
            "tags": {
              "Environment": "dev",
              "ManagedBy": "Terraform",
              "Name": "farmsafe-dev-nat",
              "Owner": "devops-team",
              "Project": "farmsafe"
            },
            "tags_all": {
              "Environment": "dev",
              "ManagedBy": "Terraform",
              "Name": "farmsafe-dev-nat",
              "Owner": "devops-team",
              "Project": "farmsafe"
            },
            "timeouts": null
          },
          "sensitive_attributes": [],
          "identity_schema_version": 0,
          "private": "eyJlMmJmYjczMC1lY2FhLTExZTYtOGY4OC0zNDM2M2JjN2M0YzAiOnsiY3JlYXRlIjo2MDAwMDAwMDAwMDAsImRlbGV0ZSI6MTgwMDAwMDAwMDAwMCwidXBkYXRlIjo2MDAwMDAwMDAwMDB9fQ==",
          "dependencies": [
            "aws_eip.nat",
            "aws_internet_gateway.main",
            "aws_subnet.public",
            "aws_vpc.main",
            "data.aws_availability_zones.available"
          ]
        }
      ]
    },
    {
      "mode": "managed",
      "type": "aws_route_table",
      "name": "private",
      "provider": "provider[\"registry.terraform.io/hashicorp/aws\"]",
      "instances": [
        {
          "schema_version": 0,
          "attributes": {
            "arn": "arn:aws:ec2:us-east-1:083971419301:route-table/rtb-0b0b9d9e57adc4322",
            "id": "rtb-0b0b9d9e57adc4322",
            "owner_id": "083971419301",
            "propagating_vgws": [],
            "route": [
              {
                "carrier_gateway_id": "",
                "cidr_block": "0.0.0.0/0",
                "core_network_arn": "",
                "destination_prefix_list_id": "",
                "egress_only_gateway_id": "",
                "gateway_id": "",
                "ipv6_cidr_block": "",
                "local_gateway_id": "",
                "nat_gateway_id": "nat-0499a4ac415005cdb",
                "network_interface_id": "",
                "transit_gateway_id": "",
                "vpc_endpoint_id": "",
                "vpc_peering_connection_id": ""
              }
            ],
            "tags": {
              "Environment": "dev",
              "ManagedBy": "Terraform",
              "Name": "farmsafe-dev-private-rt",
              "Owner": "devops-team",
              "Project": "farmsafe"
            },
            "tags_all": {
              "Environment": "dev",
              "ManagedBy": "Terraform",
              "Name": "farmsafe-dev-private-rt",
              "Owner": "devops-team",
              "Project": "farmsafe"
            },
            "timeouts": null,
            "vpc_id": "vpc-0dd11feb95d9ebe87"
          },
          "sensitive_attributes": [],
          "identity_schema_version": 0,
          "private": "eyJlMmJmYjczMC1lY2FhLTExZTYtOGY4OC0zNDM2M2JjN2M0YzAiOnsiY3JlYXRlIjozMDAwMDAwMDAwMDAsImRlbGV0ZSI6MzAwMDAwMDAwMDAwLCJ1cGRhdGUiOjEyMDAwMDAwMDAwMH19",
          "dependencies": [
            "aws_eip.nat",
            "aws_internet_gateway.main",
            "aws_nat_gateway.main",
            "aws_subnet.public",
            "aws_vpc.main",
            "data.aws_availability_zones.available"
          ]
        }
      ]
    },
    {
      "mode": "managed",
      "type": "aws_route_table",
      "name": "public",
      "provider": "provider[\"registry.terraform.io/hashicorp/aws\"]",
      "instances": [
        {
          "schema_version": 0,
          "attributes": {
            "arn": "arn:aws:ec2:us-east-1:083971419301:route-table/rtb-00a2e3b1fe06f8564",
            "id": "rtb-00a2e3b1fe06f8564",
            "owner_id": "083971419301",
            "propagating_vgws": [],
            "route": [
              {
                "carrier_gateway_id": "",
                "cidr_block": "0.0.0.0/0",
                "core_network_arn": "",
                "destination_prefix_list_id": "",
                "egress_only_gateway_id": "",
                "gateway_id": "igw-0fd0c8a251278bbe7",
                "ipv6_cidr_block": "",
                "local_gateway_id": "",
                "nat_gateway_id": "",
                "network_interface_id": "",
                "transit_gateway_id": "",
                "vpc_endpoint_id": "",
                "vpc_peering_connection_id": ""
              }
            ],
            "tags": {
              "Environment": "dev",
              "ManagedBy": "Terraform",
              "Name": "farmsafe-dev-public-rt",
              "Owner": "devops-team",
              "Project": "farmsafe"
            },
            "tags_all": {
              "Environment": "dev",
              "ManagedBy": "Terraform",
              "Name": "farmsafe-dev-public-rt",
              "Owner": "devops-team",
              "Project": "farmsafe"
            },
            "timeouts": null,
            "vpc_id": "vpc-0dd11feb95d9ebe87"
          },
          "sensitive_attributes": [],
          "identity_schema_version": 0,
          "private": "eyJlMmJmYjczMC1lY2FhLTExZTYtOGY4OC0zNDM2M2JjN2M0YzAiOnsiY3JlYXRlIjozMDAwMDAwMDAwMDAsImRlbGV0ZSI6MzAwMDAwMDAwMDAwLCJ1cGRhdGUiOjEyMDAwMDAwMDAwMH19",
          "dependencies": [
            "aws_internet_gateway.main",
            "aws_vpc.main"
          ]
        }
      ]
    },
    {
      "mode": "managed",
      "type": "aws_route_table_association",
      "name": "private",
      "provider": "provider[\"registry.terraform.io/hashicorp/aws\"]",
      "instances": [
        {
          "index_key": "0",
          "schema_version": 0,
          "attributes": {
            "gateway_id": "",
            "id": "rtbassoc-0006fbcd618bad3c0",
            "route_table_id": "rtb-0b0b9d9e57adc4322",
            "subnet_id": "subnet-0fed4a4b2a788dbc4",
            "timeouts": null
          },
          "sensitive_attributes": [],
          "identity_schema_version": 0,
          "private": "eyJlMmJmYjczMC1lY2FhLTExZTYtOGY4OC0zNDM2M2JjN2M0YzAiOnsiY3JlYXRlIjozMDAwMDAwMDAwMDAsImRlbGV0ZSI6MzAwMDAwMDAwMDAwLCJ1cGRhdGUiOjEyMDAwMDAwMDAwMH19",
          "dependencies": [
            "aws_eip.nat",
            "aws_internet_gateway.main",
            "aws_nat_gateway.main",
            "aws_route_table.private",
            "aws_subnet.private",
            "aws_subnet.public",
            "aws_vpc.main",
            "data.aws_availability_zones.available"
          ]
        },
        {
          "index_key": "1",
          "schema_version": 0,
          "attributes": {
            "gateway_id": "",
            "id": "rtbassoc-028d9490cc0d61b0e",
            "route_table_id": "rtb-0b0b9d9e57adc4322",
            "subnet_id": "subnet-00e8c67e81da38d53",
            "timeouts": null
          },
          "sensitive_attributes": [],
          "identity_schema_version": 0,
          "private": "eyJlMmJmYjczMC1lY2FhLTExZTYtOGY4OC0zNDM2M2JjN2M0YzAiOnsiY3JlYXRlIjozMDAwMDAwMDAwMDAsImRlbGV0ZSI6MzAwMDAwMDAwMDAwLCJ1cGRhdGUiOjEyMDAwMDAwMDAwMH19",
          "dependencies": [
            "aws_eip.nat",
            "aws_internet_gateway.main",
            "aws_nat_gateway.main",
            "aws_route_table.private",
            "aws_subnet.private",
            "aws_subnet.public",
            "aws_vpc.main",
            "data.aws_availability_zones.available"
          ]
        }
      ]
    },
    {
      "mode": "managed",
      "type": "aws_route_table_association",
      "name": "public",
      "provider": "provider[\"registry.terraform.io/hashicorp/aws\"]",
      "instances": [
        {
          "index_key": "0",
          "schema_version": 0,
          "attributes": {
            "gateway_id": "",
            "id": "rtbassoc-05958d2cad08f1d4a",
            "route_table_id": "rtb-00a2e3b1fe06f8564",
            "subnet_id": "subnet-075f49a52e91a962a",
            "timeouts": null
          },
          "sensitive_attributes": [],
          "identity_schema_version": 0,
          "private": "eyJlMmJmYjczMC1lY2FhLTExZTYtOGY4OC0zNDM2M2JjN2M0YzAiOnsiY3JlYXRlIjozMDAwMDAwMDAwMDAsImRlbGV0ZSI6MzAwMDAwMDAwMDAwLCJ1cGRhdGUiOjEyMDAwMDAwMDAwMH19",
          "dependencies": [
            "aws_internet_gateway.main",
            "aws_route_table.public",
            "aws_subnet.public",
            "aws_vpc.main",
            "data.aws_availability_zones.available"
          ]
        },
        {
          "index_key": "1",
          "schema_version": 0,
          "attributes": {
            "gateway_id": "",
            "id": "rtbassoc-0468d7434fbf317f5",
            "route_table_id": "rtb-00a2e3b1fe06f8564",
            "subnet_id": "subnet-0ab7a03d593e81f12",
            "timeouts": null
          },
          "sensitive_attributes": [],
          "identity_schema_version": 0,
          "private": "eyJlMmJmYjczMC1lY2FhLTExZTYtOGY4OC0zNDM2M2JjN2M0YzAiOnsiY3JlYXRlIjozMDAwMDAwMDAwMDAsImRlbGV0ZSI6MzAwMDAwMDAwMDAwLCJ1cGRhdGUiOjEyMDAwMDAwMDAwMH19",
          "dependencies": [
            "aws_internet_gateway.main",
            "aws_route_table.public",
            "aws_subnet.public",
            "aws_vpc.main",
            "data.aws_availability_zones.available"
          ]
        }
      ]
    },
    {
      "mode": "managed",
      "type": "aws_security_group",
      "name": "app",
      "provider": "provider[\"registry.terraform.io/hashicorp/aws\"]",
      "instances": [
        {
          "schema_version": 1,
          "attributes": {
            "arn": "arn:aws:ec2:us-east-1:083971419301:security-group/sg-0563d85662cb73d12",
            "description": "Allow SSH and HTTP(S) from private network",
            "egress": [
              {
                "cidr_blocks": [
                  "0.0.0.0/0"
                ],
                "description": "",
                "from_port": 0,
                "ipv6_cidr_blocks": [],
                "prefix_list_ids": [],
                "protocol": "-1",
                "security_groups": [],
                "self": false,
                "to_port": 0
              }
            ],
            "id": "sg-0563d85662cb73d12",
            "ingress": [
              {
                "cidr_blocks": [
                  "10.0.0.0/16"
                ],
                "description": "HTTP from VPC",
                "from_port": 80,
                "ipv6_cidr_blocks": [],
                "prefix_list_ids": [],
                "protocol": "tcp",
                "security_groups": [],
                "self": false,
                "to_port": 80
              },
              {
                "cidr_blocks": [
                  "10.0.0.0/16"
                ],
                "description": "HTTPS from VPC",
                "from_port": 443,
                "ipv6_cidr_blocks": [],
                "prefix_list_ids": [],
                "protocol": "tcp",
                "security_groups": [],
                "self": false,
                "to_port": 443
              },
              {
                "cidr_blocks": [],
                "description": "SSH from bastion",
                "from_port": 22,
                "ipv6_cidr_blocks": [],
                "prefix_list_ids": [],
                "protocol": "tcp",
                "security_groups": [
                  "sg-0788fa654c9062710"
                ],
                "self": false,
                "to_port": 22
              }
            ],
            "name": "farmsafe-dev-app-sg",
            "name_prefix": "",
            "owner_id": "083971419301",
            "revoke_rules_on_delete": false,
            "tags": {
              "Environment": "dev",
              "ManagedBy": "Terraform",
              "Name": "farmsafe-dev-app-sg",
              "Owner": "devops-team",
              "Project": "farmsafe"
            },
            "tags_all": {
              "Environment": "dev",
              "ManagedBy": "Terraform",
              "Name": "farmsafe-dev-app-sg",
              "Owner": "devops-team",
              "Project": "farmsafe"
            },
            "timeouts": null,
            "vpc_id": "vpc-0dd11feb95d9ebe87"
          },
          "sensitive_attributes": [],
          "identity_schema_version": 0,
          "private": "eyJlMmJmYjczMC1lY2FhLTExZTYtOGY4OC0zNDM2M2JjN2M0YzAiOnsiY3JlYXRlIjo2MDAwMDAwMDAwMDAsImRlbGV0ZSI6OTAwMDAwMDAwMDAwfSwic2NoZW1hX3ZlcnNpb24iOiIxIn0=",
          "dependencies": [
            "aws_security_group.bastion",
            "aws_vpc.main"
          ]
        }
      ]
    },
    {
      "mode": "managed",
      "type": "aws_security_group",
      "name": "bastion",
      "provider": "provider[\"registry.terraform.io/hashicorp/aws\"]",
      "instances": [
        {
          "schema_version": 1,
          "attributes": {
            "arn": "arn:aws:ec2:us-east-1:083971419301:security-group/sg-0788fa654c9062710",
            "description": "Allow SSH access to bastion host",
            "egress": [
              {
                "cidr_blocks": [
                  "0.0.0.0/0"
                ],
                "description": "",
                "from_port": 0,
                "ipv6_cidr_blocks": [],
                "prefix_list_ids": [],
                "protocol": "-1",
                "security_groups": [],
                "self": false,
                "to_port": 0
              }
            ],
            "id": "sg-0788fa654c9062710",
            "ingress": [
              {
                "cidr_blocks": [
                  "129.222.149.172/32"
                ],
                "description": "SSH from trusted CIDR",
                "from_port": 22,
                "ipv6_cidr_blocks": [],
                "prefix_list_ids": [],
                "protocol": "tcp",
                "security_groups": [],
                "self": false,
                "to_port": 22
              }
            ],
            "name": "farmsafe-dev-bastion-sg",
            "name_prefix": "",
            "owner_id": "083971419301",
            "revoke_rules_on_delete": false,
            "tags": {
              "Environment": "dev",
              "ManagedBy": "Terraform",
              "Name": "farmsafe-dev-bastion-sg",
              "Owner": "devops-team",
              "Project": "farmsafe"
            },
            "tags_all": {
              "Environment": "dev",
              "ManagedBy": "Terraform",
              "Name": "farmsafe-dev-bastion-sg",
              "Owner": "devops-team",
              "Project": "farmsafe"
            },
            "timeouts": null,
            "vpc_id": "vpc-0dd11feb95d9ebe87"
          },
          "sensitive_attributes": [],
          "identity_schema_version": 0,
          "private": "eyJlMmJmYjczMC1lY2FhLTExZTYtOGY4OC0zNDM2M2JjN2M0YzAiOnsiY3JlYXRlIjo2MDAwMDAwMDAwMDAsImRlbGV0ZSI6OTAwMDAwMDAwMDAwfSwic2NoZW1hX3ZlcnNpb24iOiIxIn0=",
          "dependencies": [
            "aws_vpc.main"
          ]
        }
      ]
    },
    {
      "mode": "managed",
      "type": "aws_security_group",
      "name": "db",
      "provider": "provider[\"registry.terraform.io/hashicorp/aws\"]",
      "instances": [
        {
          "schema_version": 1,
          "attributes": {
            "arn": "arn:aws:ec2:us-east-1:083971419301:security-group/sg-03da243d4e1a9a4ac",
            "description": "Allow DB access from application instances",
            "egress": [
              {
                "cidr_blocks": [
                  "0.0.0.0/0"
                ],
                "description": "",
                "from_port": 0,
                "ipv6_cidr_blocks": [],
                "prefix_list_ids": [],
                "protocol": "-1",
                "security_groups": [],
                "self": false,
                "to_port": 0
              }
            ],
            "id": "sg-03da243d4e1a9a4ac",
            "ingress": [
              {
                "cidr_blocks": [],
                "description": "DB access from app servers",
                "from_port": 5432,
                "ipv6_cidr_blocks": [],
                "prefix_list_ids": [],
                "protocol": "tcp",
                "security_groups": [
                  "sg-0563d85662cb73d12"
                ],
                "self": false,
                "to_port": 5432
              }
            ],
            "name": "farmsafe-dev-db-sg",
            "name_prefix": "",
            "owner_id": "083971419301",
            "revoke_rules_on_delete": false,
            "tags": {
              "Environment": "dev",
              "ManagedBy": "Terraform",
              "Name": "farmsafe-dev-db-sg",
              "Owner": "devops-team",
              "Project": "farmsafe"
            },
            "tags_all": {
              "Environment": "dev",
              "ManagedBy": "Terraform",
              "Name": "farmsafe-dev-db-sg",
              "Owner": "devops-team",
              "Project": "farmsafe"
            },
            "timeouts": null,
            "vpc_id": "vpc-0dd11feb95d9ebe87"
          },
          "sensitive_attributes": [],
          "identity_schema_version": 0,
          "private": "eyJlMmJmYjczMC1lY2FhLTExZTYtOGY4OC0zNDM2M2JjN2M0YzAiOnsiY3JlYXRlIjo2MDAwMDAwMDAwMDAsImRlbGV0ZSI6OTAwMDAwMDAwMDAwfSwic2NoZW1hX3ZlcnNpb24iOiIxIn0=",
          "dependencies": [
            "aws_security_group.app",
            "aws_security_group.bastion",
            "aws_vpc.main"
          ]
        }
      ]
    },
    {
      "mode": "managed",
      "type": "aws_subnet",
      "name": "private",
      "provider": "provider[\"registry.terraform.io/hashicorp/aws\"]",
      "instances": [
        {
          "index_key": "0",
          "schema_version": 1,
          "attributes": {
            "arn": "arn:aws:ec2:us-east-1:083971419301:subnet/subnet-0fed4a4b2a788dbc4",
            "assign_ipv6_address_on_creation": false,
            "availability_zone": "us-east-1a",
            "availability_zone_id": "use1-az1",
            "cidr_block": "10.0.101.0/24",
            "customer_owned_ipv4_pool": "",
            "enable_dns64": false,
            "enable_lni_at_device_index": 0,
            "enable_resource_name_dns_a_record_on_launch": false,
            "enable_resource_name_dns_aaaa_record_on_launch": false,
            "id": "subnet-0fed4a4b2a788dbc4",
            "ipv6_cidr_block": "",
            "ipv6_cidr_block_association_id": "",
            "ipv6_native": false,
            "map_customer_owned_ip_on_launch": false,
            "map_public_ip_on_launch": false,
            "outpost_arn": "",
            "owner_id": "083971419301",
            "private_dns_hostname_type_on_launch": "ip-name",
            "tags": {
              "Environment": "dev",
              "ManagedBy": "Terraform",
              "Name": "farmsafe-dev-private-1",
              "Owner": "devops-team",
              "Project": "farmsafe",
              "Tier": "private"
            },
            "tags_all": {
              "Environment": "dev",
              "ManagedBy": "Terraform",
              "Name": "farmsafe-dev-private-1",
              "Owner": "devops-team",
              "Project": "farmsafe",
              "Tier": "private"
            },
            "timeouts": null,
            "vpc_id": "vpc-0dd11feb95d9ebe87"
          },
          "sensitive_attributes": [],
          "identity_schema_version": 0,
          "private": "eyJlMmJmYjczMC1lY2FhLTExZTYtOGY4OC0zNDM2M2JjN2M0YzAiOnsiY3JlYXRlIjo2MDAwMDAwMDAwMDAsImRlbGV0ZSI6MTIwMDAwMDAwMDAwMH0sInNjaGVtYV92ZXJzaW9uIjoiMSJ9",
          "dependencies": [
            "aws_vpc.main",
            "data.aws_availability_zones.available"
          ]
        },
        {
          "index_key": "1",
          "schema_version": 1,
          "attributes": {
            "arn": "arn:aws:ec2:us-east-1:083971419301:subnet/subnet-00e8c67e81da38d53",
            "assign_ipv6_address_on_creation": false,
            "availability_zone": "us-east-1b",
            "availability_zone_id": "use1-az2",
            "cidr_block": "10.0.102.0/24",
            "customer_owned_ipv4_pool": "",
            "enable_dns64": false,
            "enable_lni_at_device_index": 0,
            "enable_resource_name_dns_a_record_on_launch": false,
            "enable_resource_name_dns_aaaa_record_on_launch": false,
            "id": "subnet-00e8c67e81da38d53",
            "ipv6_cidr_block": "",
            "ipv6_cidr_block_association_id": "",
            "ipv6_native": false,
            "map_customer_owned_ip_on_launch": false,
            "map_public_ip_on_launch": false,
            "outpost_arn": "",
            "owner_id": "083971419301",
            "private_dns_hostname_type_on_launch": "ip-name",
            "tags": {
              "Environment": "dev",
              "ManagedBy": "Terraform",
              "Name": "farmsafe-dev-private-2",
              "Owner": "devops-team",
              "Project": "farmsafe",
              "Tier": "private"
            },
            "tags_all": {
              "Environment": "dev",
              "ManagedBy": "Terraform",
              "Name": "farmsafe-dev-private-2",
              "Owner": "devops-team",
              "Project": "farmsafe",
              "Tier": "private"
            },
            "timeouts": null,
            "vpc_id": "vpc-0dd11feb95d9ebe87"
          },
          "sensitive_attributes": [],
          "identity_schema_version": 0,
          "private": "eyJlMmJmYjczMC1lY2FhLTExZTYtOGY4OC0zNDM2M2JjN2M0YzAiOnsiY3JlYXRlIjo2MDAwMDAwMDAwMDAsImRlbGV0ZSI6MTIwMDAwMDAwMDAwMH0sInNjaGVtYV92ZXJzaW9uIjoiMSJ9",
          "dependencies": [
            "aws_vpc.main",
            "data.aws_availability_zones.available"
          ]
        }
      ]
    },
    {
      "mode": "managed",
      "type": "aws_subnet",
      "name": "public",
      "provider": "provider[\"registry.terraform.io/hashicorp/aws\"]",
      "instances": [
        {
          "index_key": "0",
          "schema_version": 1,
          "attributes": {
            "arn": "arn:aws:ec2:us-east-1:083971419301:subnet/subnet-075f49a52e91a962a",
            "assign_ipv6_address_on_creation": false,
            "availability_zone": "us-east-1a",
            "availability_zone_id": "use1-az1",
            "cidr_block": "10.0.1.0/24",
            "customer_owned_ipv4_pool": "",
            "enable_dns64": false,
            "enable_lni_at_device_index": 0,
            "enable_resource_name_dns_a_record_on_launch": false,
            "enable_resource_name_dns_aaaa_record_on_launch": false,
            "id": "subnet-075f49a52e91a962a",
            "ipv6_cidr_block": "",
            "ipv6_cidr_block_association_id": "",
            "ipv6_native": false,
            "map_customer_owned_ip_on_launch": false,
            "map_public_ip_on_launch": true,
            "outpost_arn": "",
            "owner_id": "083971419301",
            "private_dns_hostname_type_on_launch": "ip-name",
            "tags": {
              "Environment": "dev",
              "ManagedBy": "Terraform",
              "Name": "farmsafe-dev-public-1",
              "Owner": "devops-team",
              "Project": "farmsafe",
              "Tier": "public"
            },
            "tags_all": {
              "Environment": "dev",
              "ManagedBy": "Terraform",
              "Name": "farmsafe-dev-public-1",
              "Owner": "devops-team",
              "Project": "farmsafe",
              "Tier": "public"
            },
            "timeouts": null,
            "vpc_id": "vpc-0dd11feb95d9ebe87"
          },
          "sensitive_attributes": [],
          "identity_schema_version": 0,
          "private": "eyJlMmJmYjczMC1lY2FhLTExZTYtOGY4OC0zNDM2M2JjN2M0YzAiOnsiY3JlYXRlIjo2MDAwMDAwMDAwMDAsImRlbGV0ZSI6MTIwMDAwMDAwMDAwMH0sInNjaGVtYV92ZXJzaW9uIjoiMSJ9",
          "dependencies": [
            "aws_vpc.main",
            "data.aws_availability_zones.available"
          ]
        },
        {
          "index_key": "1",
          "schema_version": 1,
          "attributes": {
            "arn": "arn:aws:ec2:us-east-1:083971419301:subnet/subnet-0ab7a03d593e81f12",
            "assign_ipv6_address_on_creation": false,
            "availability_zone": "us-east-1b",
            "availability_zone_id": "use1-az2",
            "cidr_block": "10.0.2.0/24",
            "customer_owned_ipv4_pool": "",
            "enable_dns64": false,
            "enable_lni_at_device_index": 0,
            "enable_resource_name_dns_a_record_on_launch": false,
            "enable_resource_name_dns_aaaa_record_on_launch": false,
            "id": "subnet-0ab7a03d593e81f12",
            "ipv6_cidr_block": "",
            "ipv6_cidr_block_association_id": "",
            "ipv6_native": false,
            "map_customer_owned_ip_on_launch": false,
            "map_public_ip_on_launch": true,
            "outpost_arn": "",
            "owner_id": "083971419301",
            "private_dns_hostname_type_on_launch": "ip-name",
            "tags": {
              "Environment": "dev",
              "ManagedBy": "Terraform",
              "Name": "farmsafe-dev-public-2",
              "Owner": "devops-team",
              "Project": "farmsafe",
              "Tier": "public"
            },
            "tags_all": {
              "Environment": "dev",
              "ManagedBy": "Terraform",
              "Name": "farmsafe-dev-public-2",
              "Owner": "devops-team",
              "Project": "farmsafe",
              "Tier": "public"
            },
            "timeouts": null,
            "vpc_id": "vpc-0dd11feb95d9ebe87"
          },
          "sensitive_attributes": [],
          "identity_schema_version": 0,
          "private": "eyJlMmJmYjczMC1lY2FhLTExZTYtOGY4OC0zNDM2M2JjN2M0YzAiOnsiY3JlYXRlIjo2MDAwMDAwMDAwMDAsImRlbGV0ZSI6MTIwMDAwMDAwMDAwMH0sInNjaGVtYV92ZXJzaW9uIjoiMSJ9",
          "dependencies": [
            "aws_vpc.main",
            "data.aws_availability_zones.available"
          ]
        }
      ]
    },
    {
      "mode": "managed",
      "type": "aws_vpc",
      "name": "main",
      "provider": "provider[\"registry.terraform.io/hashicorp/aws\"]",
      "instances": [
        {
          "schema_version": 1,
          "attributes": {
            "arn": "arn:aws:ec2:us-east-1:083971419301:vpc/vpc-0dd11feb95d9ebe87",
            "assign_generated_ipv6_cidr_block": false,
            "cidr_block": "10.0.0.0/16",
            "default_network_acl_id": "acl-06244810398bf575d",
            "default_route_table_id": "rtb-0ad54eb0ee7bd8edd",
            "default_security_group_id": "sg-025d468d47a990158",
            "dhcp_options_id": "dopt-09a23e2d5241ba4d6",
            "enable_dns_hostnames": true,
            "enable_dns_support": true,
            "enable_network_address_usage_metrics": false,
            "id": "vpc-0dd11feb95d9ebe87",
            "instance_tenancy": "default",
            "ipv4_ipam_pool_id": null,
            "ipv4_netmask_length": null,
            "ipv6_association_id": "",
            "ipv6_cidr_block": "",
            "ipv6_cidr_block_network_border_group": "",
            "ipv6_ipam_pool_id": "",
            "ipv6_netmask_length": 0,
            "main_route_table_id": "rtb-0ad54eb0ee7bd8edd",
            "owner_id": "083971419301",
            "tags": {
              "Environment": "dev",
              "ManagedBy": "Terraform",
              "Name": "farmsafe-dev-vpc",
              "Owner": "devops-team",
              "Project": "farmsafe"
            },
            "tags_all": {
              "Environment": "dev",
              "ManagedBy": "Terraform",
              "Name": "farmsafe-dev-vpc",
              "Owner": "devops-team",
              "Project": "farmsafe"
            }
          },
          "sensitive_attributes": [],
          "identity_schema_version": 0,
          "private": "eyJzY2hlbWFfdmVyc2lvbiI6IjEifQ=="
        }
      ]
    }
  ],
  "check_results": null
}
